// !$*UTF8*$!
{
	archiveVersion = 1;
	classes = {
	};
	objectVersion = 55;
	objects = {

/* Begin PBXBuildFile section */
		6ABB8CB4283BE47D00BC95E2 /* ContentOptionTogglers.swift in Sources */ = {isa = PBXBuildFile; fileRef = 6ABB8CB3283BE47D00BC95E2 /* ContentOptionTogglers.swift */; };
		6ABB8CB6283BE68100BC95E2 /* PostSavingOptionTogglers.swift in Sources */ = {isa = PBXBuildFile; fileRef = 6ABB8CB5283BE68100BC95E2 /* PostSavingOptionTogglers.swift */; };
		6ABB8CB8283BE88900BC95E2 /* IndexTypePicker.swift in Sources */ = {isa = PBXBuildFile; fileRef = 6ABB8CB7283BE88900BC95E2 /* IndexTypePicker.swift */; };
		6ABB8CBA283BEC9800BC95E2 /* Sidebar.swift in Sources */ = {isa = PBXBuildFile; fileRef = 6ABB8CB9283BEC9800BC95E2 /* Sidebar.swift */; };
		6ABB8CBD283BF0E400BC95E2 /* MainView.swift in Sources */ = {isa = PBXBuildFile; fileRef = 6ABB8CBC283BF0E400BC95E2 /* MainView.swift */; };
		6ABB8CBF283BF14200BC95E2 /* FolderPicker.swift in Sources */ = {isa = PBXBuildFile; fileRef = 6ABB8CBE283BF14200BC95E2 /* FolderPicker.swift */; };
		6AEEE8E5283AA98B0003E040 /* IndexFile.swift in Sources */ = {isa = PBXBuildFile; fileRef = 6AEEE8E4283AA98B0003E040 /* IndexFile.swift */; };
		6AEEE8E9283AAA0B0003E040 /* IndexType.swift in Sources */ = {isa = PBXBuildFile; fileRef = 6AEEE8E6283AAA0B0003E040 /* IndexType.swift */; };
		6AEEE8EA283AAA0B0003E040 /* PostSavingOption.swift in Sources */ = {isa = PBXBuildFile; fileRef = 6AEEE8E7283AAA0B0003E040 /* PostSavingOption.swift */; };
		6AEEE8EB283AAA0B0003E040 /* ContentOption.swift in Sources */ = {isa = PBXBuildFile; fileRef = 6AEEE8E8283AAA0B0003E040 /* ContentOption.swift */; };
		6AF4E97B283A925300DD1C55 /* IndexatorApp.swift in Sources */ = {isa = PBXBuildFile; fileRef = 6AF4E97A283A925300DD1C55 /* IndexatorApp.swift */; };
		6AF4E97D283A925300DD1C55 /* ContentView.swift in Sources */ = {isa = PBXBuildFile; fileRef = 6AF4E97C283A925300DD1C55 /* ContentView.swift */; };
		6AF4E97F283A925400DD1C55 /* Assets.xcassets in Resources */ = {isa = PBXBuildFile; fileRef = 6AF4E97E283A925400DD1C55 /* Assets.xcassets */; };
		6AF4E982283A925400DD1C55 /* Preview Assets.xcassets in Resources */ = {isa = PBXBuildFile; fileRef = 6AF4E981283A925400DD1C55 /* Preview Assets.xcassets */; };
		6AF4E98A283A92C900DD1C55 /* Helpers.swift in Sources */ = {isa = PBXBuildFile; fileRef = 6AF4E989283A92C900DD1C55 /* Helpers.swift */; };
		6AF4E98D283A944B00DD1C55 /* DataController.swift in Sources */ = {isa = PBXBuildFile; fileRef = 6AF4E98C283A944B00DD1C55 /* DataController.swift */; };
/* End PBXBuildFile section */

/* Begin PBXFileReference section */
		6ABB8CB3283BE47D00BC95E2 /* ContentOptionTogglers.swift */ = {isa = PBXFileReference; lastKnownFileType = sourcecode.swift; path = ContentOptionTogglers.swift; sourceTree = "<group>"; };
		6ABB8CB5283BE68100BC95E2 /* PostSavingOptionTogglers.swift */ = {isa = PBXFileReference; lastKnownFileType = sourcecode.swift; path = PostSavingOptionTogglers.swift; sourceTree = "<group>"; };
		6ABB8CB7283BE88900BC95E2 /* IndexTypePicker.swift */ = {isa = PBXFileReference; lastKnownFileType = sourcecode.swift; path = IndexTypePicker.swift; sourceTree = "<group>"; };
		6ABB8CB9283BEC9800BC95E2 /* Sidebar.swift */ = {isa = PBXFileReference; lastKnownFileType = sourcecode.swift; path = Sidebar.swift; sourceTree = "<group>"; };
		6ABB8CBC283BF0E400BC95E2 /* MainView.swift */ = {isa = PBXFileReference; lastKnownFileType = sourcecode.swift; path = MainView.swift; sourceTree = "<group>"; };
		6ABB8CBE283BF14200BC95E2 /* FolderPicker.swift */ = {isa = PBXFileReference; lastKnownFileType = sourcecode.swift; path = FolderPicker.swift; sourceTree = "<group>"; };
		6AEEE8E4283AA98B0003E040 /* IndexFile.swift */ = {isa = PBXFileReference; lastKnownFileType = sourcecode.swift; path = IndexFile.swift; sourceTree = "<group>"; };
		6AEEE8E6283AAA0B0003E040 /* IndexType.swift */ = {isa = PBXFileReference; fileEncoding = 4; lastKnownFileType = sourcecode.swift; path = IndexType.swift; sourceTree = "<group>"; };
		6AEEE8E7283AAA0B0003E040 /* PostSavingOption.swift */ = {isa = PBXFileReference; fileEncoding = 4; lastKnownFileType = sourcecode.swift; path = PostSavingOption.swift; sourceTree = "<group>"; };
		6AEEE8E8283AAA0B0003E040 /* ContentOption.swift */ = {isa = PBXFileReference; fileEncoding = 4; lastKnownFileType = sourcecode.swift; path = ContentOption.swift; sourceTree = "<group>"; };
		6AF4E977283A925300DD1C55 /* Indexator.app */ = {isa = PBXFileReference; explicitFileType = wrapper.application; includeInIndex = 0; path = Indexator.app; sourceTree = BUILT_PRODUCTS_DIR; };
		6AF4E97A283A925300DD1C55 /* IndexatorApp.swift */ = {isa = PBXFileReference; lastKnownFileType = sourcecode.swift; path = IndexatorApp.swift; sourceTree = "<group>"; };
		6AF4E97C283A925300DD1C55 /* ContentView.swift */ = {isa = PBXFileReference; lastKnownFileType = sourcecode.swift; path = ContentView.swift; sourceTree = "<group>"; };
		6AF4E97E283A925400DD1C55 /* Assets.xcassets */ = {isa = PBXFileReference; lastKnownFileType = folder.assetcatalog; path = Assets.xcassets; sourceTree = "<group>"; };
		6AF4E981283A925400DD1C55 /* Preview Assets.xcassets */ = {isa = PBXFileReference; lastKnownFileType = folder.assetcatalog; path = "Preview Assets.xcassets"; sourceTree = "<group>"; };
		6AF4E983283A925400DD1C55 /* Indexator.entitlements */ = {isa = PBXFileReference; lastKnownFileType = text.plist.entitlements; path = Indexator.entitlements; sourceTree = "<group>"; };
		6AF4E989283A92C900DD1C55 /* Helpers.swift */ = {isa = PBXFileReference; lastKnownFileType = sourcecode.swift; path = Helpers.swift; sourceTree = "<group>"; };
		6AF4E98C283A944B00DD1C55 /* DataController.swift */ = {isa = PBXFileReference; lastKnownFileType = sourcecode.swift; path = DataController.swift; sourceTree = "<group>"; };
/* End PBXFileReference section */

/* Begin PBXFrameworksBuildPhase section */
		6AF4E974283A925300DD1C55 /* Frameworks */ = {
			isa = PBXFrameworksBuildPhase;
			buildActionMask = 2147483647;
			files = (
			);
			runOnlyForDeploymentPostprocessing = 0;
		};
/* End PBXFrameworksBuildPhase section */

/* Begin PBXGroup section */
		6ABB8CBB283BF0C700BC95E2 /* Main */ = {
			isa = PBXGroup;
			children = (
				6ABB8CBC283BF0E400BC95E2 /* MainView.swift */,
				6ABB8CBE283BF14200BC95E2 /* FolderPicker.swift */,
			);
			path = Main;
			sourceTree = "<group>";
		};
		6AEEE8E3283AA3950003E040 /* Models */ = {
			isa = PBXGroup;
			children = (
				6AEEE8E4283AA98B0003E040 /* IndexFile.swift */,
				6AEEE8E8283AAA0B0003E040 /* ContentOption.swift */,
				6AEEE8E6283AAA0B0003E040 /* IndexType.swift */,
				6AEEE8E7283AAA0B0003E040 /* PostSavingOption.swift */,
			);
			path = Models;
			sourceTree = "<group>";
		};
		6AEEE8EC283AAA120003E040 /* Sidebar */ = {
			isa = PBXGroup;
			children = (
				6ABB8CB9283BEC9800BC95E2 /* Sidebar.swift */,
				6ABB8CB3283BE47D00BC95E2 /* ContentOptionTogglers.swift */,
				6ABB8CB5283BE68100BC95E2 /* PostSavingOptionTogglers.swift */,
				6ABB8CB7283BE88900BC95E2 /* IndexTypePicker.swift */,
			);
			path = Sidebar;
			sourceTree = "<group>";
		};
		6AF4E96E283A925300DD1C55 = {
			isa = PBXGroup;
			children = (
				6AF4E979283A925300DD1C55 /* Indexator */,
				6AF4E978283A925300DD1C55 /* Products */,
			);
			sourceTree = "<group>";
		};
		6AF4E978283A925300DD1C55 /* Products */ = {
			isa = PBXGroup;
			children = (
				6AF4E977283A925300DD1C55 /* Indexator.app */,
			);
			name = Products;
			sourceTree = "<group>";
		};
		6AF4E979283A925300DD1C55 /* Indexator */ = {
			isa = PBXGroup;
			children = (
				6AF4E97A283A925300DD1C55 /* IndexatorApp.swift */,
				6AF4E989283A92C900DD1C55 /* Helpers.swift */,
				6AF4E98C283A944B00DD1C55 /* DataController.swift */,
				6AEEE8E3283AA3950003E040 /* Models */,
				6AF4E98B283A942300DD1C55 /* Views */,
				6AF4E97E283A925400DD1C55 /* Assets.xcassets */,
				6AF4E983283A925400DD1C55 /* Indexator.entitlements */,
				6AF4E980283A925400DD1C55 /* Preview Content */,
			);
			path = Indexator;
			sourceTree = "<group>";
		};
		6AF4E980283A925400DD1C55 /* Preview Content */ = {
			isa = PBXGroup;
			children = (
				6AF4E981283A925400DD1C55 /* Preview Assets.xcassets */,
			);
			path = "Preview Content";
			sourceTree = "<group>";
		};
		6AF4E98B283A942300DD1C55 /* Views */ = {
			isa = PBXGroup;
			children = (
				6AF4E97C283A925300DD1C55 /* ContentView.swift */,
				6AEEE8EC283AAA120003E040 /* Sidebar */,
				6ABB8CBB283BF0C700BC95E2 /* Main */,
			);
			path = Views;
			sourceTree = "<group>";
		};
/* End PBXGroup section */

/* Begin PBXNativeTarget section */
		6AF4E976283A925300DD1C55 /* Indexator */ = {
			isa = PBXNativeTarget;
			buildConfigurationList = 6AF4E986283A925400DD1C55 /* Build configuration list for PBXNativeTarget "Indexator" */;
			buildPhases = (
				6AF4E973283A925300DD1C55 /* Sources */,
				6AF4E974283A925300DD1C55 /* Frameworks */,
				6AF4E975283A925300DD1C55 /* Resources */,
			);
			buildRules = (
			);
			dependencies = (
			);
			name = Indexator;
			productName = Indexator;
			productReference = 6AF4E977283A925300DD1C55 /* Indexator.app */;
			productType = "com.apple.product-type.application";
		};
/* End PBXNativeTarget section */

/* Begin PBXProject section */
		6AF4E96F283A925300DD1C55 /* Project object */ = {
			isa = PBXProject;
			attributes = {
				BuildIndependentTargetsInParallel = 1;
				LastSwiftUpdateCheck = 1340;
				LastUpgradeCheck = 1340;
				TargetAttributes = {
					6AF4E976283A925300DD1C55 = {
						CreatedOnToolsVersion = 13.4;
					};
				};
			};
			buildConfigurationList = 6AF4E972283A925300DD1C55 /* Build configuration list for PBXProject "Indexator" */;
			compatibilityVersion = "Xcode 13.0";
			developmentRegion = en;
			hasScannedForEncodings = 0;
			knownRegions = (
				en,
				Base,
			);
			mainGroup = 6AF4E96E283A925300DD1C55;
			productRefGroup = 6AF4E978283A925300DD1C55 /* Products */;
			projectDirPath = "";
			projectRoot = "";
			targets = (
				6AF4E976283A925300DD1C55 /* Indexator */,
			);
		};
/* End PBXProject section */

/* Begin PBXResourcesBuildPhase section */
		6AF4E975283A925300DD1C55 /* Resources */ = {
			isa = PBXResourcesBuildPhase;
			buildActionMask = 2147483647;
			files = (
				6AF4E982283A925400DD1C55 /* Preview Assets.xcassets in Resources */,
				6AF4E97F283A925400DD1C55 /* Assets.xcassets in Resources */,
			);
			runOnlyForDeploymentPostprocessing = 0;
		};
/* End PBXResourcesBuildPhase section */

/* Begin PBXSourcesBuildPhase section */
		6AF4E973283A925300DD1C55 /* Sources */ = {
			isa = PBXSourcesBuildPhase;
			buildActionMask = 2147483647;
			files = (
				6ABB8CB8283BE88900BC95E2 /* IndexTypePicker.swift in Sources */,
				6ABB8CBD283BF0E400BC95E2 /* MainView.swift in Sources */,
				6AF4E97D283A925300DD1C55 /* ContentView.swift in Sources */,
				6AEEE8E5283AA98B0003E040 /* IndexFile.swift in Sources */,
				6AEEE8EB283AAA0B0003E040 /* ContentOption.swift in Sources */,
				6AF4E98D283A944B00DD1C55 /* DataController.swift in Sources */,
				6AEEE8EA283AAA0B0003E040 /* PostSavingOption.swift in Sources */,
				6ABB8CB4283BE47D00BC95E2 /* ContentOptionTogglers.swift in Sources */,
				6ABB8CB6283BE68100BC95E2 /* PostSavingOptionTogglers.swift in Sources */,
				6AF4E98A283A92C900DD1C55 /* Helpers.swift in Sources */,
				6AEEE8E9283AAA0B0003E040 /* IndexType.swift in Sources */,
				6ABB8CBF283BF14200BC95E2 /* FolderPicker.swift in Sources */,
				6ABB8CBA283BEC9800BC95E2 /* Sidebar.swift in Sources */,
				6AF4E97B283A925300DD1C55 /* IndexatorApp.swift in Sources */,
			);
			runOnlyForDeploymentPostprocessing = 0;
		};
/* End PBXSourcesBuildPhase section */

/* Begin XCBuildConfiguration section */
		6AF4E984283A925400DD1C55 /* Debug */ = {
			isa = XCBuildConfiguration;
			buildSettings = {
				ALWAYS_SEARCH_USER_PATHS = NO;
				CLANG_ANALYZER_NONNULL = YES;
				CLANG_ANALYZER_NUMBER_OBJECT_CONVERSION = YES_AGGRESSIVE;
				CLANG_CXX_LANGUAGE_STANDARD = "gnu++17";
				CLANG_ENABLE_MODULES = YES;
				CLANG_ENABLE_OBJC_ARC = YES;
				CLANG_ENABLE_OBJC_WEAK = YES;
				CLANG_WARN_BLOCK_CAPTURE_AUTORELEASING = YES;
				CLANG_WARN_BOOL_CONVERSION = YES;
				CLANG_WARN_COMMA = YES;
				CLANG_WARN_CONSTANT_CONVERSION = YES;
				CLANG_WARN_DEPRECATED_OBJC_IMPLEMENTATIONS = YES;
				CLANG_WARN_DIRECT_OBJC_ISA_USAGE = YES_ERROR;
				CLANG_WARN_DOCUMENTATION_COMMENTS = YES;
				CLANG_WARN_EMPTY_BODY = YES;
				CLANG_WARN_ENUM_CONVERSION = YES;
				CLANG_WARN_INFINITE_RECURSION = YES;
				CLANG_WARN_INT_CONVERSION = YES;
				CLANG_WARN_NON_LITERAL_NULL_CONVERSION = YES;
				CLANG_WARN_OBJC_IMPLICIT_RETAIN_SELF = YES;
				CLANG_WARN_OBJC_LITERAL_CONVERSION = YES;
				CLANG_WARN_OBJC_ROOT_CLASS = YES_ERROR;
				CLANG_WARN_QUOTED_INCLUDE_IN_FRAMEWORK_HEADER = YES;
				CLANG_WARN_RANGE_LOOP_ANALYSIS = YES;
				CLANG_WARN_STRICT_PROTOTYPES = YES;
				CLANG_WARN_SUSPICIOUS_MOVE = YES;
				CLANG_WARN_UNGUARDED_AVAILABILITY = YES_AGGRESSIVE;
				CLANG_WARN_UNREACHABLE_CODE = YES;
				CLANG_WARN__DUPLICATE_METHOD_MATCH = YES;
				COPY_PHASE_STRIP = NO;
				DEBUG_INFORMATION_FORMAT = dwarf;
				ENABLE_STRICT_OBJC_MSGSEND = YES;
				ENABLE_TESTABILITY = YES;
				GCC_C_LANGUAGE_STANDARD = gnu11;
				GCC_DYNAMIC_NO_PIC = NO;
				GCC_NO_COMMON_BLOCKS = YES;
				GCC_OPTIMIZATION_LEVEL = 0;
				GCC_PREPROCESSOR_DEFINITIONS = (
					"DEBUG=1",
					"$(inherited)",
				);
				GCC_WARN_64_TO_32_BIT_CONVERSION = YES;
				GCC_WARN_ABOUT_RETURN_TYPE = YES_ERROR;
				GCC_WARN_UNDECLARED_SELECTOR = YES;
				GCC_WARN_UNINITIALIZED_AUTOS = YES_AGGRESSIVE;
				GCC_WARN_UNUSED_FUNCTION = YES;
				GCC_WARN_UNUSED_VARIABLE = YES;
				MACOSX_DEPLOYMENT_TARGET = 12.3;
				MTL_ENABLE_DEBUG_INFO = INCLUDE_SOURCE;
				MTL_FAST_MATH = YES;
				ONLY_ACTIVE_ARCH = YES;
				SDKROOT = macosx;
				SWIFT_ACTIVE_COMPILATION_CONDITIONS = DEBUG;
				SWIFT_OPTIMIZATION_LEVEL = "-Onone";
			};
			name = Debug;
		};
		6AF4E985283A925400DD1C55 /* Release */ = {
			isa = XCBuildConfiguration;
			buildSettings = {
				ALWAYS_SEARCH_USER_PATHS = NO;
				CLANG_ANALYZER_NONNULL = YES;
				CLANG_ANALYZER_NUMBER_OBJECT_CONVERSION = YES_AGGRESSIVE;
				CLANG_CXX_LANGUAGE_STANDARD = "gnu++17";
				CLANG_ENABLE_MODULES = YES;
				CLANG_ENABLE_OBJC_ARC = YES;
				CLANG_ENABLE_OBJC_WEAK = YES;
				CLANG_WARN_BLOCK_CAPTURE_AUTORELEASING = YES;
				CLANG_WARN_BOOL_CONVERSION = YES;
				CLANG_WARN_COMMA = YES;
				CLANG_WARN_CONSTANT_CONVERSION = YES;
				CLANG_WARN_DEPRECATED_OBJC_IMPLEMENTATIONS = YES;
				CLANG_WARN_DIRECT_OBJC_ISA_USAGE = YES_ERROR;
				CLANG_WARN_DOCUMENTATION_COMMENTS = YES;
				CLANG_WARN_EMPTY_BODY = YES;
				CLANG_WARN_ENUM_CONVERSION = YES;
				CLANG_WARN_INFINITE_RECURSION = YES;
				CLANG_WARN_INT_CONVERSION = YES;
				CLANG_WARN_NON_LITERAL_NULL_CONVERSION = YES;
				CLANG_WARN_OBJC_IMPLICIT_RETAIN_SELF = YES;
				CLANG_WARN_OBJC_LITERAL_CONVERSION = YES;
				CLANG_WARN_OBJC_ROOT_CLASS = YES_ERROR;
				CLANG_WARN_QUOTED_INCLUDE_IN_FRAMEWORK_HEADER = YES;
				CLANG_WARN_RANGE_LOOP_ANALYSIS = YES;
				CLANG_WARN_STRICT_PROTOTYPES = YES;
				CLANG_WARN_SUSPICIOUS_MOVE = YES;
				CLANG_WARN_UNGUARDED_AVAILABILITY = YES_AGGRESSIVE;
				CLANG_WARN_UNREACHABLE_CODE = YES;
				CLANG_WARN__DUPLICATE_METHOD_MATCH = YES;
				COPY_PHASE_STRIP = NO;
				DEBUG_INFORMATION_FORMAT = "dwarf-with-dsym";
				ENABLE_NS_ASSERTIONS = NO;
				ENABLE_STRICT_OBJC_MSGSEND = YES;
				GCC_C_LANGUAGE_STANDARD = gnu11;
				GCC_NO_COMMON_BLOCKS = YES;
				GCC_WARN_64_TO_32_BIT_CONVERSION = YES;
				GCC_WARN_ABOUT_RETURN_TYPE = YES_ERROR;
				GCC_WARN_UNDECLARED_SELECTOR = YES;
				GCC_WARN_UNINITIALIZED_AUTOS = YES_AGGRESSIVE;
				GCC_WARN_UNUSED_FUNCTION = YES;
				GCC_WARN_UNUSED_VARIABLE = YES;
				MACOSX_DEPLOYMENT_TARGET = 12.3;
				MTL_ENABLE_DEBUG_INFO = NO;
				MTL_FAST_MATH = YES;
				SDKROOT = macosx;
				SWIFT_COMPILATION_MODE = wholemodule;
				SWIFT_OPTIMIZATION_LEVEL = "-O";
			};
			name = Release;
		};
		6AF4E987283A925400DD1C55 /* Debug */ = {
			isa = XCBuildConfiguration;
			buildSettings = {
				ASSETCATALOG_COMPILER_APPICON_NAME = AppIcon;
				ASSETCATALOG_COMPILER_GLOBAL_ACCENT_COLOR_NAME = AccentColor;
				CODE_SIGN_ENTITLEMENTS = Indexator/Indexator.entitlements;
				CODE_SIGN_STYLE = Automatic;
				COMBINE_HIDPI_IMAGES = YES;
				CURRENT_PROJECT_VERSION = 1;
				DEVELOPMENT_ASSET_PATHS = "\"Indexator/Preview Content\"";
				DEVELOPMENT_TEAM = "";
				ENABLE_HARDENED_RUNTIME = YES;
				ENABLE_PREVIEWS = YES;
				GENERATE_INFOPLIST_FILE = YES;
				INFOPLIST_KEY_LSApplicationCategoryType = "public.app-category.utilities";
				INFOPLIST_KEY_NSHumanReadableCopyright = "";
				LD_RUNPATH_SEARCH_PATHS = (
					"$(inherited)",
					"@executable_path/../Frameworks",
				);
				MARKETING_VERSION = 1.0;
				PRODUCT_BUNDLE_IDENTIFIER = com.diliedevs.Indexator;
				PRODUCT_NAME = "$(TARGET_NAME)";
				SWIFT_EMIT_LOC_STRINGS = YES;
				SWIFT_VERSION = 5.0;
			};
			name = Debug;
		};
		6AF4E988283A925400DD1C55 /* Release */ = {
			isa = XCBuildConfiguration;
			buildSettings = {
				ASSETCATALOG_COMPILER_APPICON_NAME = AppIcon;
				ASSETCATALOG_COMPILER_GLOBAL_ACCENT_COLOR_NAME = AccentColor;
				CODE_SIGN_ENTITLEMENTS = Indexator/Indexator.entitlements;
				CODE_SIGN_STYLE = Automatic;
				COMBINE_HIDPI_IMAGES = YES;
				CURRENT_PROJECT_VERSION = 1;
				DEVELOPMENT_ASSET_PATHS = "\"Indexator/Preview Content\"";
				DEVELOPMENT_TEAM = "";
				ENABLE_HARDENED_RUNTIME = YES;
				ENABLE_PREVIEWS = YES;
				GENERATE_INFOPLIST_FILE = YES;
				INFOPLIST_KEY_LSApplicationCategoryType = "public.app-category.utilities";
				INFOPLIST_KEY_NSHumanReadableCopyright = "";
				LD_RUNPATH_SEARCH_PATHS = (
					"$(inherited)",
					"@executable_path/../Frameworks",
				);
				MARKETING_VERSION = 1.0;
				PRODUCT_BUNDLE_IDENTIFIER = com.diliedevs.Indexator;
				PRODUCT_NAME = "$(TARGET_NAME)";
				SWIFT_EMIT_LOC_STRINGS = YES;
				SWIFT_VERSION = 5.0;
			};
			name = Release;
		};
/* End XCBuildConfiguration section */

/* Begin XCConfigurationList section */
		6AF4E972283A925300DD1C55 /* Build configuration list for PBXProject "Indexator" */ = {
			isa = XCConfigurationList;
			buildConfigurations = (
				6AF4E984283A925400DD1C55 /* Debug */,
				6AF4E985283A925400DD1C55 /* Release */,
			);
			defaultConfigurationIsVisible = 0;
			defaultConfigurationName = Release;
		};
		6AF4E986283A925400DD1C55 /* Build configuration list for PBXNativeTarget "Indexator" */ = {
			isa = XCConfigurationList;
			buildConfigurations = (
				6AF4E987283A925400DD1C55 /* Debug */,
				6AF4E988283A925400DD1C55 /* Release */,
			);
			defaultConfigurationIsVisible = 0;
			defaultConfigurationName = Release;
		};
/* End XCConfigurationList section */
	};
	rootObject = 6AF4E96F283A925300DD1C55 /* Project object */;
}
